
Microsoft Visual Studio Solution File, Format Version 12.00
# Visual Studio Version 16
VisualStudioVersion = 16.0.31515.178
MinimumVisualStudioVersion = 10.0.40219.1
Project("{FAE04EC0-301F-11D3-BF4B-00C04F79EFBC}") = "TestConsoleApp", "TestConsoleApp\TestConsoleApp.csproj", "{C9FB9C6E-F81D-4DE8-9CF7-45ACB7270A19}"
EndProject
Global
	GlobalSection(SolutionConfigurationPlatforms) = preSolution
		Debug|Any CPU = Debug|Any CPU
		Release|Any CPU = Release|Any CPU
	EndGlobalSection
	GlobalSection(ProjectConfigurationPlatforms) = postSolution
		{C9FB9C6E-F81D-4DE8-9CF7-45ACB7270A19}.Debug|Any CPU.ActiveCfg = Debug|Any CPU
		{C9FB9C6E-F81D-4DE8-9CF7-45ACB7270A19}.Debug|Any CPU.Build.0 = Debug|Any CPU
		{C9FB9C6E-F81D-4DE8-9CF7-45ACB7270A19}.Release|Any CPU.ActiveCfg = Release|Any CPU
		{C9FB9C6E-F81D-4DE8-9CF7-45ACB7270A19}.Release|Any CPU.Build.0 = Release|Any CPU
	EndGlobalSection
	GlobalSection(SolutionProperties) = preSolution
		HideSolutionNode = FALSE
	EndGlobalSection
	GlobalSection(ExtensibilityGlobals) = postSolution
		SolutionGuid = {717B93D4-BA05-4F39-9822-E5CABFA8BB7C}
	EndGlobalSection
EndGlobal
