
Microsoft Visual Studio Solution File, Format Version 12.00
# Visual Studio Version 16
VisualStudioVersion = 16.0.31515.178
MinimumVisualStudioVersion = 10.0.40219.1
Project("{FAE04EC0-301F-11D3-BF4B-00C04F79EFBC}") = "ActualCodeLibrary", "ActualCodeLibrary\ActualCodeLibrary.csproj", "{A2A8C39E-2DD2-4249-AC87-F43518199951}"
EndProject
Project("{FAE04EC0-301F-11D3-BF4B-00C04F79EFBC}") = "SDKGenerator.Fody", "SDKGenerator.Fody\SDKGenerator.Fody.csproj", "{EE037223-1E00-4D44-B343-E651CB630F6B}"
EndProject
Project("{FAE04EC0-301F-11D3-BF4B-00C04F79EFBC}") = "Tests", "Tests\Tests.csproj", "{36510705-365E-4980-B757-0F4423BF9BAC}"
EndProject
Global
	GlobalSection(SolutionConfigurationPlatforms) = preSolution
		Debug|Any CPU = Debug|Any CPU
		Release|Any CPU = Release|Any CPU
	EndGlobalSection
	GlobalSection(ProjectConfigurationPlatforms) = postSolution
		{A2A8C39E-2DD2-4249-AC87-F43518199951}.Debug|Any CPU.ActiveCfg = Debug|Any CPU
		{A2A8C39E-2DD2-4249-AC87-F43518199951}.Debug|Any CPU.Build.0 = Debug|Any CPU
		{A2A8C39E-2DD2-4249-AC87-F43518199951}.Release|Any CPU.ActiveCfg = Release|Any CPU
		{A2A8C39E-2DD2-4249-AC87-F43518199951}.Release|Any CPU.Build.0 = Release|Any CPU
		{EE037223-1E00-4D44-B343-E651CB630F6B}.Debug|Any CPU.ActiveCfg = Debug|Any CPU
		{EE037223-1E00-4D44-B343-E651CB630F6B}.Debug|Any CPU.Build.0 = Debug|Any CPU
		{EE037223-1E00-4D44-B343-E651CB630F6B}.Release|Any CPU.ActiveCfg = Release|Any CPU
		{EE037223-1E00-4D44-B343-E651CB630F6B}.Release|Any CPU.Build.0 = Release|Any CPU
		{36510705-365E-4980-B757-0F4423BF9BAC}.Debug|Any CPU.ActiveCfg = Debug|Any CPU
		{36510705-365E-4980-B757-0F4423BF9BAC}.Debug|Any CPU.Build.0 = Debug|Any CPU
		{36510705-365E-4980-B757-0F4423BF9BAC}.Release|Any CPU.ActiveCfg = Release|Any CPU
		{36510705-365E-4980-B757-0F4423BF9BAC}.Release|Any CPU.Build.0 = Release|Any CPU
	EndGlobalSection
	GlobalSection(SolutionProperties) = preSolution
		HideSolutionNode = FALSE
	EndGlobalSection
	GlobalSection(ExtensibilityGlobals) = postSolution
		SolutionGuid = {405D9BA9-63F8-4266-A468-28A4E0ECD7F5}
	EndGlobalSection
EndGlobal
